
Microsoft Visual Studio Solution File, Format Version 12.00
# Visual Studio Version 17
VisualStudioVersion = 17.3.32825.248
MinimumVisualStudioVersion = 10.0.40219.1
Project("{FAE04EC0-301F-11D3-BF4B-00C04F79EFBC}") = "MoreСakes", "MoreСakes\MoreСakes.csproj", "{1E344235-6B72-41B9-828D-CA551C102064}"
EndProject
Global
	GlobalSection(SolutionConfigurationPlatforms) = preSolution
		Debug|Any CPU = Debug|Any CPU
		Release|Any CPU = Release|Any CPU
	EndGlobalSection
	GlobalSection(ProjectConfigurationPlatforms) = postSolution
		{1E344235-6B72-41B9-828D-CA551C102064}.Debug|Any CPU.ActiveCfg = Debug|Any CPU
		{1E344235-6B72-41B9-828D-CA551C102064}.Debug|Any CPU.Build.0 = Debug|Any CPU
		{1E344235-6B72-41B9-828D-CA551C102064}.Release|Any CPU.ActiveCfg = Release|Any CPU
		{1E344235-6B72-41B9-828D-CA551C102064}.Release|Any CPU.Build.0 = Release|Any CPU
	EndGlobalSection
	GlobalSection(SolutionProperties) = preSolution
		HideSolutionNode = FALSE
	EndGlobalSection
	GlobalSection(ExtensibilityGlobals) = postSolution
		SolutionGuid = {0E71AA75-6057-4E83-8346-021C5BE68481}
	EndGlobalSection
EndGlobal
